
Microsoft Visual Studio Solution File, Format Version 12.00
# Visual Studio 2012
Project("{FAE04EC0-301F-11D3-BF4B-00C04F79EFBC}") = "Agenda", "Agenda\Agenda.csproj", "{626FC263-A894-4109-8B19-94B9196CC2F0}"
EndProject
Global
	GlobalSection(SolutionConfigurationPlatforms) = preSolution
		Debug|Any CPU = Debug|Any CPU
		Release|Any CPU = Release|Any CPU
	EndGlobalSection
	GlobalSection(ProjectConfigurationPlatforms) = postSolution
		{626FC263-A894-4109-8B19-94B9196CC2F0}.Debug|Any CPU.ActiveCfg = Debug|Any CPU
		{626FC263-A894-4109-8B19-94B9196CC2F0}.Debug|Any CPU.Build.0 = Debug|Any CPU
		{626FC263-A894-4109-8B19-94B9196CC2F0}.Release|Any CPU.ActiveCfg = Release|Any CPU
		{626FC263-A894-4109-8B19-94B9196CC2F0}.Release|Any CPU.Build.0 = Release|Any CPU
	EndGlobalSection
	GlobalSection(SolutionProperties) = preSolution
		HideSolutionNode = FALSE
	EndGlobalSection
EndGlobal
